
Microsoft Visual Studio Solution File, Format Version 12.00
# Visual Studio Version 17
VisualStudioVersion = 17.13.35806.99 d17.13
MinimumVisualStudioVersion = 10.0.40219.1
Project("{FAE04EC0-301F-11D3-BF4B-00C04F79EFBC}") = "ExamenP3_RiveraJoel", "ExamenP3_RiveraJoel\ExamenP3_RiveraJoel.csproj", "{D8567556-1219-472D-8209-4CB1FE25E4FB}"
EndProject
Global
	GlobalSection(SolutionConfigurationPlatforms) = preSolution
		Debug|Any CPU = Debug|Any CPU
		Release|Any CPU = Release|Any CPU
	EndGlobalSection
	GlobalSection(ProjectConfigurationPlatforms) = postSolution
		{D8567556-1219-472D-8209-4CB1FE25E4FB}.Debug|Any CPU.ActiveCfg = Debug|Any CPU
		{D8567556-1219-472D-8209-4CB1FE25E4FB}.Debug|Any CPU.Build.0 = Debug|Any CPU
		{D8567556-1219-472D-8209-4CB1FE25E4FB}.Release|Any CPU.ActiveCfg = Release|Any CPU
		{D8567556-1219-472D-8209-4CB1FE25E4FB}.Release|Any CPU.Build.0 = Release|Any CPU
	EndGlobalSection
	GlobalSection(SolutionProperties) = preSolution
		HideSolutionNode = FALSE
	EndGlobalSection
	GlobalSection(ExtensibilityGlobals) = postSolution
		SolutionGuid = {50B0A0A3-F91A-4907-90E0-20998EB45DE1}
	EndGlobalSection
EndGlobal
